
Microsoft Visual Studio Solution File, Format Version 12.00
# Visual Studio 15
VisualStudioVersion = 15.0.27130.2036
MinimumVisualStudioVersion = 10.0.40219.1
Project("{9A19103F-16F7-4668-BE54-9A1E7A4F7556}") = "WebApp", "WebApp\WebApp.csproj", "{2B723763-01E1-4B1E-8600-CD761A3AA80C}"
EndProject
Project("{9A19103F-16F7-4668-BE54-9A1E7A4F7556}") = "Domain", "Domain\Domain.csproj", "{AB0D6546-593B-41EF-AF7C-6DEB52B0D2DB}"
EndProject
Project("{2150E333-8FDC-42A3-9474-1A3956D46DE8}") = "Project items", "Project items", "{C6BBBF28-C4E8-4600-BC58-D3FF94D02668}"
	ProjectSection(SolutionItems) = preProject
		.gitignore = .gitignore
		README.MD = README.MD
	EndProjectSection
EndProject
Project("{9A19103F-16F7-4668-BE54-9A1E7A4F7556}") = "DAL.Interfaces", "DAL.Interfaces\DAL.Interfaces.csproj", "{48901286-595C-4D0E-86F0-4170DDC52448}"
EndProject
Project("{9A19103F-16F7-4668-BE54-9A1E7A4F7556}") = "DAL.App.Interfaces", "DAL.App.Interfaces\DAL.App.Interfaces.csproj", "{3BF21E03-5066-49CA-9BA8-B649596D705F}"
EndProject
Project("{9A19103F-16F7-4668-BE54-9A1E7A4F7556}") = "DAL.EF", "DAL.EF\DAL.EF.csproj", "{38322804-7082-410B-99F0-303D3AC39372}"
EndProject
Project("{9A19103F-16F7-4668-BE54-9A1E7A4F7556}") = "DAL.App.EF", "DAL.App.EF\DAL.App.EF.csproj", "{2A19195C-33AA-4A74-BCEC-499AF4D449A1}"
EndProject
Project("{9A19103F-16F7-4668-BE54-9A1E7A4F7556}") = "BL", "BL\BL.csproj", "{6E9F881F-35EE-4AE1-B310-3AAE227305A6}"
EndProject
Project("{FAE04EC0-301F-11D3-BF4B-00C04F79EFBC}") = "Helpers", "Helpers\Helpers.csproj", "{07E2C075-0EA6-4094-8B88-AD4CE1E62430}"
EndProject
Global
	GlobalSection(SolutionConfigurationPlatforms) = preSolution
		Debug|Any CPU = Debug|Any CPU
		Release|Any CPU = Release|Any CPU
	EndGlobalSection
	GlobalSection(ProjectConfigurationPlatforms) = postSolution
		{2B723763-01E1-4B1E-8600-CD761A3AA80C}.Debug|Any CPU.ActiveCfg = Debug|Any CPU
		{2B723763-01E1-4B1E-8600-CD761A3AA80C}.Debug|Any CPU.Build.0 = Debug|Any CPU
		{2B723763-01E1-4B1E-8600-CD761A3AA80C}.Release|Any CPU.ActiveCfg = Release|Any CPU
		{2B723763-01E1-4B1E-8600-CD761A3AA80C}.Release|Any CPU.Build.0 = Release|Any CPU
		{AB0D6546-593B-41EF-AF7C-6DEB52B0D2DB}.Debug|Any CPU.ActiveCfg = Debug|Any CPU
		{AB0D6546-593B-41EF-AF7C-6DEB52B0D2DB}.Debug|Any CPU.Build.0 = Debug|Any CPU
		{AB0D6546-593B-41EF-AF7C-6DEB52B0D2DB}.Release|Any CPU.ActiveCfg = Release|Any CPU
		{AB0D6546-593B-41EF-AF7C-6DEB52B0D2DB}.Release|Any CPU.Build.0 = Release|Any CPU
		{48901286-595C-4D0E-86F0-4170DDC52448}.Debug|Any CPU.ActiveCfg = Debug|Any CPU
		{48901286-595C-4D0E-86F0-4170DDC52448}.Debug|Any CPU.Build.0 = Debug|Any CPU
		{48901286-595C-4D0E-86F0-4170DDC52448}.Release|Any CPU.ActiveCfg = Release|Any CPU
		{48901286-595C-4D0E-86F0-4170DDC52448}.Release|Any CPU.Build.0 = Release|Any CPU
		{3BF21E03-5066-49CA-9BA8-B649596D705F}.Debug|Any CPU.ActiveCfg = Debug|Any CPU
		{3BF21E03-5066-49CA-9BA8-B649596D705F}.Debug|Any CPU.Build.0 = Debug|Any CPU
		{3BF21E03-5066-49CA-9BA8-B649596D705F}.Release|Any CPU.ActiveCfg = Release|Any CPU
		{3BF21E03-5066-49CA-9BA8-B649596D705F}.Release|Any CPU.Build.0 = Release|Any CPU
		{38322804-7082-410B-99F0-303D3AC39372}.Debug|Any CPU.ActiveCfg = Debug|Any CPU
		{38322804-7082-410B-99F0-303D3AC39372}.Debug|Any CPU.Build.0 = Debug|Any CPU
		{38322804-7082-410B-99F0-303D3AC39372}.Release|Any CPU.ActiveCfg = Release|Any CPU
		{38322804-7082-410B-99F0-303D3AC39372}.Release|Any CPU.Build.0 = Release|Any CPU
		{2A19195C-33AA-4A74-BCEC-499AF4D449A1}.Debug|Any CPU.ActiveCfg = Debug|Any CPU
		{2A19195C-33AA-4A74-BCEC-499AF4D449A1}.Debug|Any CPU.Build.0 = Debug|Any CPU
		{2A19195C-33AA-4A74-BCEC-499AF4D449A1}.Release|Any CPU.ActiveCfg = Release|Any CPU
		{2A19195C-33AA-4A74-BCEC-499AF4D449A1}.Release|Any CPU.Build.0 = Release|Any CPU
		{6E9F881F-35EE-4AE1-B310-3AAE227305A6}.Debug|Any CPU.ActiveCfg = Debug|Any CPU
		{6E9F881F-35EE-4AE1-B310-3AAE227305A6}.Debug|Any CPU.Build.0 = Debug|Any CPU
		{6E9F881F-35EE-4AE1-B310-3AAE227305A6}.Release|Any CPU.ActiveCfg = Release|Any CPU
		{6E9F881F-35EE-4AE1-B310-3AAE227305A6}.Release|Any CPU.Build.0 = Release|Any CPU
		{07E2C075-0EA6-4094-8B88-AD4CE1E62430}.Debug|Any CPU.ActiveCfg = Debug|Any CPU
		{07E2C075-0EA6-4094-8B88-AD4CE1E62430}.Debug|Any CPU.Build.0 = Debug|Any CPU
		{07E2C075-0EA6-4094-8B88-AD4CE1E62430}.Release|Any CPU.ActiveCfg = Release|Any CPU
		{07E2C075-0EA6-4094-8B88-AD4CE1E62430}.Release|Any CPU.Build.0 = Release|Any CPU
	EndGlobalSection
	GlobalSection(SolutionProperties) = preSolution
		HideSolutionNode = FALSE
	EndGlobalSection
	GlobalSection(ExtensibilityGlobals) = postSolution
		SolutionGuid = {89C01BA3-7372-45A5-A380-EA8E1EBD30A2}
	EndGlobalSection
EndGlobal
